
Microsoft Visual Studio Solution File, Format Version 12.00
# Visual Studio Version 17
VisualStudioVersion = 17.1.32210.238
MinimumVisualStudioVersion = 10.0.40219.1
Project("{FAE04EC0-301F-11D3-BF4B-00C04F79EFBC}") = "Painter", "Painter\Painter.csproj", "{CFDB28E0-E722-4337-96E9-CA5BB3EB6823}"
EndProject
Global
	GlobalSection(SolutionConfigurationPlatforms) = preSolution
		Debug|Any CPU = Debug|Any CPU
		Release|Any CPU = Release|Any CPU
	EndGlobalSection
	GlobalSection(ProjectConfigurationPlatforms) = postSolution
		{CFDB28E0-E722-4337-96E9-CA5BB3EB6823}.Debug|Any CPU.ActiveCfg = Debug|Any CPU
		{CFDB28E0-E722-4337-96E9-CA5BB3EB6823}.Debug|Any CPU.Build.0 = Debug|Any CPU
		{CFDB28E0-E722-4337-96E9-CA5BB3EB6823}.Release|Any CPU.ActiveCfg = Release|Any CPU
		{CFDB28E0-E722-4337-96E9-CA5BB3EB6823}.Release|Any CPU.Build.0 = Release|Any CPU
	EndGlobalSection
	GlobalSection(SolutionProperties) = preSolution
		HideSolutionNode = FALSE
	EndGlobalSection
	GlobalSection(ExtensibilityGlobals) = postSolution
		SolutionGuid = {464E6B81-433D-47F1-ABDA-E2353EC6C102}
	EndGlobalSection
EndGlobal
